
Microsoft Visual Studio Solution File, Format Version 12.00
# Visual Studio Version 17
VisualStudioVersion = 17.14.36221.1
MinimumVisualStudioVersion = 10.0.40219.1
Project("{FAE04EC0-301F-11D3-BF4B-00C04F79EFBC}") = "ConsoleTimer", "HorasCalc\ConsoleTimer.csproj", "{06CE8448-B36D-4781-8159-6BD4FDEAEB20}"
EndProject
Global
	GlobalSection(SolutionConfigurationPlatforms) = preSolution
		Debug|Any CPU = Debug|Any CPU
		Release|Any CPU = Release|Any CPU
	EndGlobalSection
	GlobalSection(ProjectConfigurationPlatforms) = postSolution
		{06CE8448-B36D-4781-8159-6BD4FDEAEB20}.Debug|Any CPU.ActiveCfg = Debug|Any CPU
		{06CE8448-B36D-4781-8159-6BD4FDEAEB20}.Debug|Any CPU.Build.0 = Debug|Any CPU
		{06CE8448-B36D-4781-8159-6BD4FDEAEB20}.Release|Any CPU.ActiveCfg = Release|Any CPU
		{06CE8448-B36D-4781-8159-6BD4FDEAEB20}.Release|Any CPU.Build.0 = Release|Any CPU
	EndGlobalSection
	GlobalSection(SolutionProperties) = preSolution
		HideSolutionNode = FALSE
	EndGlobalSection
	GlobalSection(ExtensibilityGlobals) = postSolution
		SolutionGuid = {2A04DC43-6907-4167-8AB4-080BD8CB9897}
	EndGlobalSection
EndGlobal
